// !$*UTF8*$!
{
	archiveVersion = 1;
	classes = {
	};
	objectVersion = 51;
	objects = {

/* Begin PBXBuildFile section */
		220B4E4B24E97A6900F8999F /* WebViewController.swift in Sources */ = {isa = PBXBuildFile; fileRef = 220B4E4A24E97A6900F8999F /* WebViewController.swift */; };
		220B4E4D24E98DCB00F8999F /* WebKit.framework in Frameworks */ = {isa = PBXBuildFile; fileRef = 220B4E4C24E98DCB00F8999F /* WebKit.framework */; };
		22110F3B24E6DF9900A96590 /* CustomTabBarController.swift in Sources */ = {isa = PBXBuildFile; fileRef = 22110F3A24E6DF9900A96590 /* CustomTabBarController.swift */; };
		22110F4124E6E29300A96590 /* PersistanceService.swift in Sources */ = {isa = PBXBuildFile; fileRef = 22110F4024E6E29300A96590 /* PersistanceService.swift */; };
		22110F4424E6EFB500A96590 /* ManagerArticlesJSON.swift in Sources */ = {isa = PBXBuildFile; fileRef = 22110F4324E6EFB500A96590 /* ManagerArticlesJSON.swift */; };
		22110F4624E7153E00A96590 /* ArticleModel.swift in Sources */ = {isa = PBXBuildFile; fileRef = 22110F4524E7153E00A96590 /* ArticleModel.swift */; };
		22110F4924E7251700A96590 /* ArticleViewModel.swift in Sources */ = {isa = PBXBuildFile; fileRef = 22110F4824E7251700A96590 /* ArticleViewModel.swift */; };
		22110F4C24E727A200A96590 /* ArticleTableViewCell.swift in Sources */ = {isa = PBXBuildFile; fileRef = 22110F4B24E727A100A96590 /* ArticleTableViewCell.swift */; };
		226854D324E5678A0009D2E1 /* AppDelegate.swift in Sources */ = {isa = PBXBuildFile; fileRef = 226854D224E5678A0009D2E1 /* AppDelegate.swift */; };
		226854D524E5678A0009D2E1 /* SceneDelegate.swift in Sources */ = {isa = PBXBuildFile; fileRef = 226854D424E5678A0009D2E1 /* SceneDelegate.swift */; };
		226854D724E5678A0009D2E1 /* ArticlesMainViewController.swift in Sources */ = {isa = PBXBuildFile; fileRef = 226854D624E5678A0009D2E1 /* ArticlesMainViewController.swift */; };
		226854DA24E5678A0009D2E1 /* Main.storyboard in Resources */ = {isa = PBXBuildFile; fileRef = 226854D824E5678A0009D2E1 /* Main.storyboard */; };
		226854DC24E5678B0009D2E1 /* Assets.xcassets in Resources */ = {isa = PBXBuildFile; fileRef = 226854DB24E5678B0009D2E1 /* Assets.xcassets */; };
		226854DF24E5678B0009D2E1 /* LaunchScreen.storyboard in Resources */ = {isa = PBXBuildFile; fileRef = 226854DD24E5678B0009D2E1 /* LaunchScreen.storyboard */; };
		22F2668C24E7DCD0002FFBCF /* TestModel.swift in Sources */ = {isa = PBXBuildFile; fileRef = 22F2668B24E7DCD0002FFBCF /* TestModel.swift */; };
		22F2669024E90E5B002FFBCF /* ArticlesRequest.swift in Sources */ = {isa = PBXBuildFile; fileRef = 22F2668F24E90E5B002FFBCF /* ArticlesRequest.swift */; };
		22F2669224E923A1002FFBCF /* TestController.swift in Sources */ = {isa = PBXBuildFile; fileRef = 22F2669124E923A1002FFBCF /* TestController.swift */; };
		22F2669424E92735002FFBCF /* Extensions.swift in Sources */ = {isa = PBXBuildFile; fileRef = 22F2669324E92735002FFBCF /* Extensions.swift */; };
		BE667F1E42AA8F5384739693 /* Pods_NYTimes.framework in Frameworks */ = {isa = PBXBuildFile; fileRef = F28BC5CCBD05F053CD3E57BE /* Pods_NYTimes.framework */; };
/* End PBXBuildFile section */

/* Begin PBXFileReference section */
		220B4E4A24E97A6900F8999F /* WebViewController.swift */ = {isa = PBXFileReference; lastKnownFileType = sourcecode.swift; path = WebViewController.swift; sourceTree = "<group>"; };
		220B4E4C24E98DCB00F8999F /* WebKit.framework */ = {isa = PBXFileReference; lastKnownFileType = wrapper.framework; name = WebKit.framework; path = System/Library/Frameworks/WebKit.framework; sourceTree = SDKROOT; };
		22110F3A24E6DF9900A96590 /* CustomTabBarController.swift */ = {isa = PBXFileReference; lastKnownFileType = sourcecode.swift; path = CustomTabBarController.swift; sourceTree = "<group>"; };
		22110F4024E6E29300A96590 /* PersistanceService.swift */ = {isa = PBXFileReference; lastKnownFileType = sourcecode.swift; path = PersistanceService.swift; sourceTree = "<group>"; };
		22110F4324E6EFB500A96590 /* ManagerArticlesJSON.swift */ = {isa = PBXFileReference; lastKnownFileType = sourcecode.swift; path = ManagerArticlesJSON.swift; sourceTree = "<group>"; };
		22110F4524E7153E00A96590 /* ArticleModel.swift */ = {isa = PBXFileReference; lastKnownFileType = sourcecode.swift; path = ArticleModel.swift; sourceTree = "<group>"; };
		22110F4824E7251700A96590 /* ArticleViewModel.swift */ = {isa = PBXFileReference; lastKnownFileType = sourcecode.swift; path = ArticleViewModel.swift; sourceTree = "<group>"; };
		22110F4B24E727A100A96590 /* ArticleTableViewCell.swift */ = {isa = PBXFileReference; lastKnownFileType = sourcecode.swift; path = ArticleTableViewCell.swift; sourceTree = "<group>"; };
		226854CF24E5678A0009D2E1 /* NYTimes.app */ = {isa = PBXFileReference; explicitFileType = wrapper.application; includeInIndex = 0; path = NYTimes.app; sourceTree = BUILT_PRODUCTS_DIR; };
		226854D224E5678A0009D2E1 /* AppDelegate.swift */ = {isa = PBXFileReference; lastKnownFileType = sourcecode.swift; path = AppDelegate.swift; sourceTree = "<group>"; };
		226854D424E5678A0009D2E1 /* SceneDelegate.swift */ = {isa = PBXFileReference; lastKnownFileType = sourcecode.swift; path = SceneDelegate.swift; sourceTree = "<group>"; };
		226854D624E5678A0009D2E1 /* ArticlesMainViewController.swift */ = {isa = PBXFileReference; lastKnownFileType = sourcecode.swift; path = ArticlesMainViewController.swift; sourceTree = "<group>"; };
		226854D924E5678A0009D2E1 /* Base */ = {isa = PBXFileReference; lastKnownFileType = file.storyboard; name = Base; path = Base.lproj/Main.storyboard; sourceTree = "<group>"; };
		226854DB24E5678B0009D2E1 /* Assets.xcassets */ = {isa = PBXFileReference; lastKnownFileType = folder.assetcatalog; path = Assets.xcassets; sourceTree = "<group>"; };
		226854DE24E5678B0009D2E1 /* Base */ = {isa = PBXFileReference; lastKnownFileType = file.storyboard; name = Base; path = Base.lproj/LaunchScreen.storyboard; sourceTree = "<group>"; };
		226854E024E5678B0009D2E1 /* Info.plist */ = {isa = PBXFileReference; lastKnownFileType = text.plist.xml; path = Info.plist; sourceTree = "<group>"; };
		22F2668B24E7DCD0002FFBCF /* TestModel.swift */ = {isa = PBXFileReference; lastKnownFileType = sourcecode.swift; path = TestModel.swift; sourceTree = "<group>"; };
		22F2668F24E90E5B002FFBCF /* ArticlesRequest.swift */ = {isa = PBXFileReference; lastKnownFileType = sourcecode.swift; path = ArticlesRequest.swift; sourceTree = "<group>"; };
		22F2669124E923A1002FFBCF /* TestController.swift */ = {isa = PBXFileReference; lastKnownFileType = sourcecode.swift; path = TestController.swift; sourceTree = "<group>"; };
		22F2669324E92735002FFBCF /* Extensions.swift */ = {isa = PBXFileReference; lastKnownFileType = sourcecode.swift; path = Extensions.swift; sourceTree = "<group>"; };
		83C13B857710D55B831A1651 /* Pods-NYTimes.release.xcconfig */ = {isa = PBXFileReference; includeInIndex = 1; lastKnownFileType = text.xcconfig; name = "Pods-NYTimes.release.xcconfig"; path = "Target Support Files/Pods-NYTimes/Pods-NYTimes.release.xcconfig"; sourceTree = "<group>"; };
		8DAE19DA8446B39066E7F827 /* Pods-NYTimes.debug.xcconfig */ = {isa = PBXFileReference; includeInIndex = 1; lastKnownFileType = text.xcconfig; name = "Pods-NYTimes.debug.xcconfig"; path = "Target Support Files/Pods-NYTimes/Pods-NYTimes.debug.xcconfig"; sourceTree = "<group>"; };
		F28BC5CCBD05F053CD3E57BE /* Pods_NYTimes.framework */ = {isa = PBXFileReference; explicitFileType = wrapper.framework; includeInIndex = 0; path = Pods_NYTimes.framework; sourceTree = BUILT_PRODUCTS_DIR; };
/* End PBXFileReference section */

/* Begin PBXFrameworksBuildPhase section */
		226854CC24E5678A0009D2E1 /* Frameworks */ = {
			isa = PBXFrameworksBuildPhase;
			buildActionMask = 2147483647;
			files = (
				220B4E4D24E98DCB00F8999F /* WebKit.framework in Frameworks */,
				BE667F1E42AA8F5384739693 /* Pods_NYTimes.framework in Frameworks */,
			);
			runOnlyForDeploymentPostprocessing = 0;
		};
/* End PBXFrameworksBuildPhase section */

/* Begin PBXGroup section */
		22110F3E24E6E1DF00A96590 /* NetworkService */ = {
			isa = PBXGroup;
			children = (
				22F2668F24E90E5B002FFBCF /* ArticlesRequest.swift */,
				22110F4324E6EFB500A96590 /* ManagerArticlesJSON.swift */,
			);
			path = NetworkService;
			sourceTree = "<group>";
		};
		22110F3F24E6E1E900A96590 /* Controller */ = {
			isa = PBXGroup;
			children = (
				226854D624E5678A0009D2E1 /* ArticlesMainViewController.swift */,
				22F2669124E923A1002FFBCF /* TestController.swift */,
				220B4E4A24E97A6900F8999F /* WebViewController.swift */,
				22110F3A24E6DF9900A96590 /* CustomTabBarController.swift */,
			);
			path = Controller;
			sourceTree = "<group>";
		};
		22110F4224E6E29C00A96590 /* Service */ = {
			isa = PBXGroup;
			children = (
				22110F4024E6E29300A96590 /* PersistanceService.swift */,
			);
			path = Service;
			sourceTree = "<group>";
		};
		22110F4724E7154300A96590 /* Model */ = {
			isa = PBXGroup;
			children = (
				22110F4524E7153E00A96590 /* ArticleModel.swift */,
				22F2668B24E7DCD0002FFBCF /* TestModel.swift */,
			);
			path = Model;
			sourceTree = "<group>";
		};
		22110F4A24E7252500A96590 /* ViewModel */ = {
			isa = PBXGroup;
			children = (
				22110F4824E7251700A96590 /* ArticleViewModel.swift */,
			);
			name = ViewModel;
			sourceTree = "<group>";
		};
		22110F4D24E727A600A96590 /* CustomView */ = {
			isa = PBXGroup;
			children = (
				22110F4B24E727A100A96590 /* ArticleTableViewCell.swift */,
			);
			path = CustomView;
			sourceTree = "<group>";
		};
		226854C624E5678A0009D2E1 = {
			isa = PBXGroup;
			children = (
				226854D124E5678A0009D2E1 /* NYTimes */,
				226854D024E5678A0009D2E1 /* Products */,
				D657B47569BD20121777BB82 /* Pods */,
				ACBC73D86B68DC80305B0CA4 /* Frameworks */,
			);
			sourceTree = "<group>";
		};
		226854D024E5678A0009D2E1 /* Products */ = {
			isa = PBXGroup;
			children = (
				226854CF24E5678A0009D2E1 /* NYTimes.app */,
			);
			name = Products;
			sourceTree = "<group>";
		};
		226854D124E5678A0009D2E1 /* NYTimes */ = {
			isa = PBXGroup;
			children = (
				226854D224E5678A0009D2E1 /* AppDelegate.swift */,
				226854D424E5678A0009D2E1 /* SceneDelegate.swift */,
				22110F4D24E727A600A96590 /* CustomView */,
				22110F4A24E7252500A96590 /* ViewModel */,
				22110F4724E7154300A96590 /* Model */,
				22110F3F24E6E1E900A96590 /* Controller */,
				22110F3E24E6E1DF00A96590 /* NetworkService */,
				22110F4224E6E29C00A96590 /* Service */,
				22F2669524E927C3002FFBCF /* Extensions */,
				226854D824E5678A0009D2E1 /* Main.storyboard */,
				226854DB24E5678B0009D2E1 /* Assets.xcassets */,
				226854DD24E5678B0009D2E1 /* LaunchScreen.storyboard */,
				226854E024E5678B0009D2E1 /* Info.plist */,
			);
			path = NYTimes;
			sourceTree = "<group>";
		};
		22F2669524E927C3002FFBCF /* Extensions */ = {
			isa = PBXGroup;
			children = (
				22F2669324E92735002FFBCF /* Extensions.swift */,
			);
			path = Extensions;
			sourceTree = "<group>";
		};
		ACBC73D86B68DC80305B0CA4 /* Frameworks */ = {
			isa = PBXGroup;
			children = (
				220B4E4C24E98DCB00F8999F /* WebKit.framework */,
				F28BC5CCBD05F053CD3E57BE /* Pods_NYTimes.framework */,
			);
			name = Frameworks;
			sourceTree = "<group>";
		};
		D657B47569BD20121777BB82 /* Pods */ = {
			isa = PBXGroup;
			children = (
				8DAE19DA8446B39066E7F827 /* Pods-NYTimes.debug.xcconfig */,
				83C13B857710D55B831A1651 /* Pods-NYTimes.release.xcconfig */,
			);
			path = Pods;
			sourceTree = "<group>";
		};
/* End PBXGroup section */

/* Begin PBXNativeTarget section */
		226854CE24E5678A0009D2E1 /* NYTimes */ = {
			isa = PBXNativeTarget;
			buildConfigurationList = 226854E324E5678B0009D2E1 /* Build configuration list for PBXNativeTarget "NYTimes" */;
			buildPhases = (
				AE63135CB5D6C5376EE34073 /* [CP] Check Pods Manifest.lock */,
				226854CB24E5678A0009D2E1 /* Sources */,
				226854CC24E5678A0009D2E1 /* Frameworks */,
				226854CD24E5678A0009D2E1 /* Resources */,
				1098674EF685E91BDB2B2402 /* [CP] Embed Pods Frameworks */,
			);
			buildRules = (
			);
			dependencies = (
			);
			name = NYTimes;
			productName = TestForVRGSoft;
			productReference = 226854CF24E5678A0009D2E1 /* NYTimes.app */;
			productType = "com.apple.product-type.application";
		};
/* End PBXNativeTarget section */

/* Begin PBXProject section */
		226854C724E5678A0009D2E1 /* Project object */ = {
			isa = PBXProject;
			attributes = {
				LastSwiftUpdateCheck = 1160;
				LastUpgradeCheck = 1160;
				ORGANIZATIONNAME = Liliia;
				TargetAttributes = {
					226854CE24E5678A0009D2E1 = {
						CreatedOnToolsVersion = 11.6;
					};
				};
			};
			buildConfigurationList = 226854CA24E5678A0009D2E1 /* Build configuration list for PBXProject "NYTimes" */;
			compatibilityVersion = "Xcode 9.3";
			developmentRegion = en;
			hasScannedForEncodings = 0;
			knownRegions = (
				en,
				Base,
			);
			mainGroup = 226854C624E5678A0009D2E1;
			productRefGroup = 226854D024E5678A0009D2E1 /* Products */;
			projectDirPath = "";
			projectRoot = "";
			targets = (
				226854CE24E5678A0009D2E1 /* NYTimes */,
			);
		};
/* End PBXProject section */

/* Begin PBXResourcesBuildPhase section */
		226854CD24E5678A0009D2E1 /* Resources */ = {
			isa = PBXResourcesBuildPhase;
			buildActionMask = 2147483647;
			files = (
				226854DF24E5678B0009D2E1 /* LaunchScreen.storyboard in Resources */,
				226854DC24E5678B0009D2E1 /* Assets.xcassets in Resources */,
				226854DA24E5678A0009D2E1 /* Main.storyboard in Resources */,
			);
			runOnlyForDeploymentPostprocessing = 0;
		};
/* End PBXResourcesBuildPhase section */

/* Begin PBXShellScriptBuildPhase section */
		1098674EF685E91BDB2B2402 /* [CP] Embed Pods Frameworks */ = {
			isa = PBXShellScriptBuildPhase;
			buildActionMask = 2147483647;
			files = (
			);
			inputFileListPaths = (
				"${PODS_ROOT}/Target Support Files/Pods-NYTimes/Pods-NYTimes-frameworks-${CONFIGURATION}-input-files.xcfilelist",
			);
			name = "[CP] Embed Pods Frameworks";
			outputFileListPaths = (
				"${PODS_ROOT}/Target Support Files/Pods-NYTimes/Pods-NYTimes-frameworks-${CONFIGURATION}-output-files.xcfilelist",
			);
			runOnlyForDeploymentPostprocessing = 0;
			shellPath = /bin/sh;
			shellScript = "\"${PODS_ROOT}/Target Support Files/Pods-NYTimes/Pods-NYTimes-frameworks.sh\"\n";
			showEnvVarsInLog = 0;
		};
		AE63135CB5D6C5376EE34073 /* [CP] Check Pods Manifest.lock */ = {
			isa = PBXShellScriptBuildPhase;
			buildActionMask = 2147483647;
			files = (
			);
			inputFileListPaths = (
			);
			inputPaths = (
				"${PODS_PODFILE_DIR_PATH}/Podfile.lock",
				"${PODS_ROOT}/Manifest.lock",
			);
			name = "[CP] Check Pods Manifest.lock";
			outputFileListPaths = (
			);
			outputPaths = (
				"$(DERIVED_FILE_DIR)/Pods-NYTimes-checkManifestLockResult.txt",
			);
			runOnlyForDeploymentPostprocessing = 0;
			shellPath = /bin/sh;
			shellScript = "diff \"${PODS_PODFILE_DIR_PATH}/Podfile.lock\" \"${PODS_ROOT}/Manifest.lock\" > /dev/null\nif [ $? != 0 ] ; then\n    # print error to STDERR\n    echo \"error: The sandbox is not in sync with the Podfile.lock. Run 'pod install' or update your CocoaPods installation.\" >&2\n    exit 1\nfi\n# This output is used by Xcode 'outputs' to avoid re-running this script phase.\necho \"SUCCESS\" > \"${SCRIPT_OUTPUT_FILE_0}\"\n";
			showEnvVarsInLog = 0;
		};
/* End PBXShellScriptBuildPhase section */

/* Begin PBXSourcesBuildPhase section */
		226854CB24E5678A0009D2E1 /* Sources */ = {
			isa = PBXSourcesBuildPhase;
			buildActionMask = 2147483647;
			files = (
				22110F4C24E727A200A96590 /* ArticleTableViewCell.swift in Sources */,
				226854D724E5678A0009D2E1 /* ArticlesMainViewController.swift in Sources */,
				22F2668C24E7DCD0002FFBCF /* TestModel.swift in Sources */,
				22F2669024E90E5B002FFBCF /* ArticlesRequest.swift in Sources */,
				22110F4624E7153E00A96590 /* ArticleModel.swift in Sources */,
				226854D324E5678A0009D2E1 /* AppDelegate.swift in Sources */,
				22110F3B24E6DF9900A96590 /* CustomTabBarController.swift in Sources */,
				22110F4424E6EFB500A96590 /* ManagerArticlesJSON.swift in Sources */,
				22110F4924E7251700A96590 /* ArticleViewModel.swift in Sources */,
				22F2669424E92735002FFBCF /* Extensions.swift in Sources */,
				226854D524E5678A0009D2E1 /* SceneDelegate.swift in Sources */,
				22110F4124E6E29300A96590 /* PersistanceService.swift in Sources */,
				220B4E4B24E97A6900F8999F /* WebViewController.swift in Sources */,
				22F2669224E923A1002FFBCF /* TestController.swift in Sources */,
			);
			runOnlyForDeploymentPostprocessing = 0;
		};
/* End PBXSourcesBuildPhase section */

/* Begin PBXVariantGroup section */
		226854D824E5678A0009D2E1 /* Main.storyboard */ = {
			isa = PBXVariantGroup;
			children = (
				226854D924E5678A0009D2E1 /* Base */,
			);
			name = Main.storyboard;
			sourceTree = "<group>";
		};
		226854DD24E5678B0009D2E1 /* LaunchScreen.storyboard */ = {
			isa = PBXVariantGroup;
			children = (
				226854DE24E5678B0009D2E1 /* Base */,
			);
			name = LaunchScreen.storyboard;
			sourceTree = "<group>";
		};
/* End PBXVariantGroup section */

/* Begin XCBuildConfiguration section */
		226854E124E5678B0009D2E1 /* Debug */ = {
			isa = XCBuildConfiguration;
			buildSettings = {
				ALWAYS_SEARCH_USER_PATHS = NO;
				CLANG_ANALYZER_NONNULL = YES;
				CLANG_ANALYZER_NUMBER_OBJECT_CONVERSION = YES_AGGRESSIVE;
				CLANG_CXX_LANGUAGE_STANDARD = "gnu++14";
				CLANG_CXX_LIBRARY = "libc++";
				CLANG_ENABLE_MODULES = YES;
				CLANG_ENABLE_OBJC_ARC = YES;
				CLANG_ENABLE_OBJC_WEAK = YES;
				CLANG_WARN_BLOCK_CAPTURE_AUTORELEASING = YES;
				CLANG_WARN_BOOL_CONVERSION = YES;
				CLANG_WARN_COMMA = YES;
				CLANG_WARN_CONSTANT_CONVERSION = YES;
				CLANG_WARN_DEPRECATED_OBJC_IMPLEMENTATIONS = YES;
				CLANG_WARN_DIRECT_OBJC_ISA_USAGE = YES_ERROR;
				CLANG_WARN_DOCUMENTATION_COMMENTS = YES;
				CLANG_WARN_EMPTY_BODY = YES;
				CLANG_WARN_ENUM_CONVERSION = YES;
				CLANG_WARN_INFINITE_RECURSION = YES;
				CLANG_WARN_INT_CONVERSION = YES;
				CLANG_WARN_NON_LITERAL_NULL_CONVERSION = YES;
				CLANG_WARN_OBJC_IMPLICIT_RETAIN_SELF = YES;
				CLANG_WARN_OBJC_LITERAL_CONVERSION = YES;
				CLANG_WARN_OBJC_ROOT_CLASS = YES_ERROR;
				CLANG_WARN_RANGE_LOOP_ANALYSIS = YES;
				CLANG_WARN_STRICT_PROTOTYPES = YES;
				CLANG_WARN_SUSPICIOUS_MOVE = YES;
				CLANG_WARN_UNGUARDED_AVAILABILITY = YES_AGGRESSIVE;
				CLANG_WARN_UNREACHABLE_CODE = YES;
				CLANG_WARN__DUPLICATE_METHOD_MATCH = YES;
				COPY_PHASE_STRIP = NO;
				DEBUG_INFORMATION_FORMAT = dwarf;
				ENABLE_STRICT_OBJC_MSGSEND = YES;
				ENABLE_TESTABILITY = YES;
				GCC_C_LANGUAGE_STANDARD = gnu11;
				GCC_DYNAMIC_NO_PIC = NO;
				GCC_NO_COMMON_BLOCKS = YES;
				GCC_OPTIMIZATION_LEVEL = 0;
				GCC_PREPROCESSOR_DEFINITIONS = (
					"DEBUG=1",
					"$(inherited)",
				);
				GCC_WARN_64_TO_32_BIT_CONVERSION = YES;
				GCC_WARN_ABOUT_RETURN_TYPE = YES_ERROR;
				GCC_WARN_UNDECLARED_SELECTOR = YES;
				GCC_WARN_UNINITIALIZED_AUTOS = YES_AGGRESSIVE;
				GCC_WARN_UNUSED_FUNCTION = YES;
				GCC_WARN_UNUSED_VARIABLE = YES;
				IPHONEOS_DEPLOYMENT_TARGET = 13.6;
				MTL_ENABLE_DEBUG_INFO = INCLUDE_SOURCE;
				MTL_FAST_MATH = YES;
				ONLY_ACTIVE_ARCH = YES;
				SDKROOT = iphoneos;
				SWIFT_ACTIVE_COMPILATION_CONDITIONS = DEBUG;
				SWIFT_OPTIMIZATION_LEVEL = "-Onone";
			};
			name = Debug;
		};
		226854E224E5678B0009D2E1 /* Release */ = {
			isa = XCBuildConfiguration;
			buildSettings = {
				ALWAYS_SEARCH_USER_PATHS = NO;
				CLANG_ANALYZER_NONNULL = YES;
				CLANG_ANALYZER_NUMBER_OBJECT_CONVERSION = YES_AGGRESSIVE;
				CLANG_CXX_LANGUAGE_STANDARD = "gnu++14";
				CLANG_CXX_LIBRARY = "libc++";
				CLANG_ENABLE_MODULES = YES;
				CLANG_ENABLE_OBJC_ARC = YES;
				CLANG_ENABLE_OBJC_WEAK = YES;
				CLANG_WARN_BLOCK_CAPTURE_AUTORELEASING = YES;
				CLANG_WARN_BOOL_CONVERSION = YES;
				CLANG_WARN_COMMA = YES;
				CLANG_WARN_CONSTANT_CONVERSION = YES;
				CLANG_WARN_DEPRECATED_OBJC_IMPLEMENTATIONS = YES;
				CLANG_WARN_DIRECT_OBJC_ISA_USAGE = YES_ERROR;
				CLANG_WARN_DOCUMENTATION_COMMENTS = YES;
				CLANG_WARN_EMPTY_BODY = YES;
				CLANG_WARN_ENUM_CONVERSION = YES;
				CLANG_WARN_INFINITE_RECURSION = YES;
				CLANG_WARN_INT_CONVERSION = YES;
				CLANG_WARN_NON_LITERAL_NULL_CONVERSION = YES;
				CLANG_WARN_OBJC_IMPLICIT_RETAIN_SELF = YES;
				CLANG_WARN_OBJC_LITERAL_CONVERSION = YES;
				CLANG_WARN_OBJC_ROOT_CLASS = YES_ERROR;
				CLANG_WARN_RANGE_LOOP_ANALYSIS = YES;
				CLANG_WARN_STRICT_PROTOTYPES = YES;
				CLANG_WARN_SUSPICIOUS_MOVE = YES;
				CLANG_WARN_UNGUARDED_AVAILABILITY = YES_AGGRESSIVE;
				CLANG_WARN_UNREACHABLE_CODE = YES;
				CLANG_WARN__DUPLICATE_METHOD_MATCH = YES;
				COPY_PHASE_STRIP = NO;
				DEBUG_INFORMATION_FORMAT = "dwarf-with-dsym";
				ENABLE_NS_ASSERTIONS = NO;
				ENABLE_STRICT_OBJC_MSGSEND = YES;
				GCC_C_LANGUAGE_STANDARD = gnu11;
				GCC_NO_COMMON_BLOCKS = YES;
				GCC_WARN_64_TO_32_BIT_CONVERSION = YES;
				GCC_WARN_ABOUT_RETURN_TYPE = YES_ERROR;
				GCC_WARN_UNDECLARED_SELECTOR = YES;
				GCC_WARN_UNINITIALIZED_AUTOS = YES_AGGRESSIVE;
				GCC_WARN_UNUSED_FUNCTION = YES;
				GCC_WARN_UNUSED_VARIABLE = YES;
				IPHONEOS_DEPLOYMENT_TARGET = 13.6;
				MTL_ENABLE_DEBUG_INFO = NO;
				MTL_FAST_MATH = YES;
				SDKROOT = iphoneos;
				SWIFT_COMPILATION_MODE = wholemodule;
				SWIFT_OPTIMIZATION_LEVEL = "-O";
				VALIDATE_PRODUCT = YES;
			};
			name = Release;
		};
		226854E424E5678B0009D2E1 /* Debug */ = {
			isa = XCBuildConfiguration;
			baseConfigurationReference = 8DAE19DA8446B39066E7F827 /* Pods-NYTimes.debug.xcconfig */;
			buildSettings = {
				ASSETCATALOG_COMPILER_APPICON_NAME = AppIcon;
				CODE_SIGN_STYLE = Automatic;
				DEVELOPMENT_TEAM = 97J4XJP6TX;
				INFOPLIST_FILE = NYTimes/Info.plist;
				LD_RUNPATH_SEARCH_PATHS = (
					"$(inherited)",
					"@executable_path/Frameworks",
				);
				PRODUCT_BUNDLE_IDENTIFIER = "Liliia.-NYTimes";
				PRODUCT_NAME = NYTimes;
				SWIFT_VERSION = 5.0;
				TARGETED_DEVICE_FAMILY = "1,2";
			};
			name = Debug;
		};
		226854E524E5678B0009D2E1 /* Release */ = {
			isa = XCBuildConfiguration;
			baseConfigurationReference = 83C13B857710D55B831A1651 /* Pods-NYTimes.release.xcconfig */;
			buildSettings = {
				ASSETCATALOG_COMPILER_APPICON_NAME = AppIcon;
				CODE_SIGN_STYLE = Automatic;
				DEVELOPMENT_TEAM = 97J4XJP6TX;
				INFOPLIST_FILE = NYTimes/Info.plist;
				LD_RUNPATH_SEARCH_PATHS = (
					"$(inherited)",
					"@executable_path/Frameworks",
				);
				PRODUCT_BUNDLE_IDENTIFIER = "Liliia.-NYTimes";
				PRODUCT_NAME = NYTimes;
				SWIFT_VERSION = 5.0;
				TARGETED_DEVICE_FAMILY = "1,2";
			};
			name = Release;
		};
/* End XCBuildConfiguration section */

/* Begin XCConfigurationList section */
		226854CA24E5678A0009D2E1 /* Build configuration list for PBXProject "NYTimes" */ = {
			isa = XCConfigurationList;
			buildConfigurations = (
				226854E124E5678B0009D2E1 /* Debug */,
				226854E224E5678B0009D2E1 /* Release */,
			);
			defaultConfigurationIsVisible = 0;
			defaultConfigurationName = Release;
		};
		226854E324E5678B0009D2E1 /* Build configuration list for PBXNativeTarget "NYTimes" */ = {
			isa = XCConfigurationList;
			buildConfigurations = (
				226854E424E5678B0009D2E1 /* Debug */,
				226854E524E5678B0009D2E1 /* Release */,
			);
			defaultConfigurationIsVisible = 0;
			defaultConfigurationName = Release;
		};
/* End XCConfigurationList section */
	};
	rootObject = 226854C724E5678A0009D2E1 /* Project object */;
}
